
Microsoft Visual Studio Solution File, Format Version 12.00
# Visual Studio Version 17
VisualStudioVersion = 17.14.36623.8
MinimumVisualStudioVersion = 10.0.40219.1
Project("{FAE04EC0-301F-11D3-BF4B-00C04F79EFBC}") = "Task 1", "Task 1\Task 1.csproj", "{F4589BF4-45BC-4C61-9F2E-D779B5900430}"
EndProject
Project("{2150E333-8FDC-42A3-9474-1A3956D46DE8}") = "Solution Items", "Solution Items", "{8EC462FD-D22E-90A8-E5CE-7E832BA40C5D}"
	ProjectSection(SolutionItems) = preProject
		.gitignore = .gitignore
	EndProjectSection
EndProject
Project("{FAE04EC0-301F-11D3-BF4B-00C04F79EFBC}") = "Task 2", "Task 2\Task 2.csproj", "{2A4B293D-37BA-45A6-9070-57E2397B3844}"
EndProject
Project("{FAE04EC0-301F-11D3-BF4B-00C04F79EFBC}") = "Task 3", "Task 3\Task 3.csproj", "{F1038E8A-C07B-4424-8B83-BDCDB1ABEE2E}"
EndProject
Project("{FAE04EC0-301F-11D3-BF4B-00C04F79EFBC}") = "Task 4", "Task 4\Task 4.csproj", "{1384C595-6FEF-44A3-883E-33541384955F}"
EndProject
Project("{FAE04EC0-301F-11D3-BF4B-00C04F79EFBC}") = "Task 5", "Task 5\Task 5.csproj", "{0AC80552-F750-4102-81DF-8F2CA717B8CE}"
EndProject
Project("{FAE04EC0-301F-11D3-BF4B-00C04F79EFBC}") = "Task 6", "Task 6\Task 6.csproj", "{5E6F5B20-7049-42CE-A3B0-FF0AF9496FAC}"
EndProject
Global
	GlobalSection(SolutionConfigurationPlatforms) = preSolution
		Debug|Any CPU = Debug|Any CPU
		Release|Any CPU = Release|Any CPU
	EndGlobalSection
	GlobalSection(ProjectConfigurationPlatforms) = postSolution
		{F4589BF4-45BC-4C61-9F2E-D779B5900430}.Debug|Any CPU.ActiveCfg = Debug|Any CPU
		{F4589BF4-45BC-4C61-9F2E-D779B5900430}.Debug|Any CPU.Build.0 = Debug|Any CPU
		{F4589BF4-45BC-4C61-9F2E-D779B5900430}.Release|Any CPU.ActiveCfg = Release|Any CPU
		{F4589BF4-45BC-4C61-9F2E-D779B5900430}.Release|Any CPU.Build.0 = Release|Any CPU
		{2A4B293D-37BA-45A6-9070-57E2397B3844}.Debug|Any CPU.ActiveCfg = Debug|Any CPU
		{2A4B293D-37BA-45A6-9070-57E2397B3844}.Debug|Any CPU.Build.0 = Debug|Any CPU
		{2A4B293D-37BA-45A6-9070-57E2397B3844}.Release|Any CPU.ActiveCfg = Release|Any CPU
		{2A4B293D-37BA-45A6-9070-57E2397B3844}.Release|Any CPU.Build.0 = Release|Any CPU
		{F1038E8A-C07B-4424-8B83-BDCDB1ABEE2E}.Debug|Any CPU.ActiveCfg = Debug|Any CPU
		{F1038E8A-C07B-4424-8B83-BDCDB1ABEE2E}.Debug|Any CPU.Build.0 = Debug|Any CPU
		{F1038E8A-C07B-4424-8B83-BDCDB1ABEE2E}.Release|Any CPU.ActiveCfg = Release|Any CPU
		{F1038E8A-C07B-4424-8B83-BDCDB1ABEE2E}.Release|Any CPU.Build.0 = Release|Any CPU
		{1384C595-6FEF-44A3-883E-33541384955F}.Debug|Any CPU.ActiveCfg = Debug|Any CPU
		{1384C595-6FEF-44A3-883E-33541384955F}.Debug|Any CPU.Build.0 = Debug|Any CPU
		{1384C595-6FEF-44A3-883E-33541384955F}.Release|Any CPU.ActiveCfg = Release|Any CPU
		{1384C595-6FEF-44A3-883E-33541384955F}.Release|Any CPU.Build.0 = Release|Any CPU
		{0AC80552-F750-4102-81DF-8F2CA717B8CE}.Debug|Any CPU.ActiveCfg = Debug|Any CPU
		{0AC80552-F750-4102-81DF-8F2CA717B8CE}.Debug|Any CPU.Build.0 = Debug|Any CPU
		{0AC80552-F750-4102-81DF-8F2CA717B8CE}.Release|Any CPU.ActiveCfg = Release|Any CPU
		{0AC80552-F750-4102-81DF-8F2CA717B8CE}.Release|Any CPU.Build.0 = Release|Any CPU
		{5E6F5B20-7049-42CE-A3B0-FF0AF9496FAC}.Debug|Any CPU.ActiveCfg = Debug|Any CPU
		{5E6F5B20-7049-42CE-A3B0-FF0AF9496FAC}.Debug|Any CPU.Build.0 = Debug|Any CPU
		{5E6F5B20-7049-42CE-A3B0-FF0AF9496FAC}.Release|Any CPU.ActiveCfg = Release|Any CPU
		{5E6F5B20-7049-42CE-A3B0-FF0AF9496FAC}.Release|Any CPU.Build.0 = Release|Any CPU
	EndGlobalSection
	GlobalSection(SolutionProperties) = preSolution
		HideSolutionNode = FALSE
	EndGlobalSection
	GlobalSection(ExtensibilityGlobals) = postSolution
		SolutionGuid = {E448435E-EAF1-48A8-A2FA-D9E113EC1EDD}
	EndGlobalSection
EndGlobal
